
Microsoft Visual Studio Solution File, Format Version 12.00
Project("{2150E333-8FDC-42A3-9474-1A3956D46DE8}") = "01. Clients", "01. Clients", "{FB4A655B-4BA3-4AD7-9197-361B1038F984}"
EndProject
Project("{2150E333-8FDC-42A3-9474-1A3956D46DE8}") = "02. Api.Gateways", "02. Api.Gateways", "{E9F8D07D-A808-47AA-862E-1EEE4B275058}"
EndProject
Project("{2150E333-8FDC-42A3-9474-1A3956D46DE8}") = "03. Services", "03. Services", "{AB1992F0-32BE-406A-9BC3-3FC032A3D817}"
EndProject
Project("{2150E333-8FDC-42A3-9474-1A3956D46DE8}") = "01. Identity", "01. Identity", "{36EA0377-9D3A-4542-A3FD-7B3EE92BB11E}"
EndProject
Project("{2150E333-8FDC-42A3-9474-1A3956D46DE8}") = "02. Catalog", "02. Catalog", "{AFCF621E-D1AC-42EA-8206-84EDD1166FD1}"
EndProject
Project("{2150E333-8FDC-42A3-9474-1A3956D46DE8}") = "03. Customer", "03. Customer", "{421FBC61-1F21-4BE3-956D-0EFD4C75D872}"
EndProject
Project("{2150E333-8FDC-42A3-9474-1A3956D46DE8}") = "04. Order", "04. Order", "{FF1D70E7-FCE9-4FE3-A8B3-29D2C080AE41}"
EndProject
Project("{FAE04EC0-301F-11D3-BF4B-00C04F79EFBC}") = "Catalog.Api", "src\Services\Catalog\Catalog.Api\Catalog.Api.csproj", "{5FA0257F-5821-440B-B202-2120561B7905}"
EndProject
Project("{2150E333-8FDC-42A3-9474-1A3956D46DE8}") = "01. API", "01. API", "{D9DD912B-5DFD-44A3-8D8D-9F8EAD60F8F6}"
EndProject
Project("{2150E333-8FDC-42A3-9474-1A3956D46DE8}") = "02. Services", "02. Services", "{7D14CC01-0D7F-41AC-A59D-99E9FBCC2FEC}"
EndProject
Project("{2150E333-8FDC-42A3-9474-1A3956D46DE8}") = "03. Persistence", "03. Persistence", "{1DCA14C5-6A2D-451A-9516-EDE7393CF685}"
EndProject
Project("{2150E333-8FDC-42A3-9474-1A3956D46DE8}") = "04. Models", "04. Models", "{F11EC5C8-5F4D-4993-93D5-4FD29741FB5D}"
EndProject
Project("{FAE04EC0-301F-11D3-BF4B-00C04F79EFBC}") = "Catalog.Domain", "src\Services\Catalog\Catalog.Domain\Catalog.Domain.csproj", "{9D277A8F-C607-4458-8CAB-D3C68BEDC27F}"
EndProject
Project("{FAE04EC0-301F-11D3-BF4B-00C04F79EFBC}") = "Catalog.Persistence.Database", "src\Services\Catalog\Catalog.Persistence.Database\Catalog.Persistence.Database.csproj", "{061ED9E7-1CEF-4644-978C-7F00424A58C8}"
EndProject
Global
	GlobalSection(SolutionConfigurationPlatforms) = preSolution
		Debug|Any CPU = Debug|Any CPU
		Release|Any CPU = Release|Any CPU
	EndGlobalSection
	GlobalSection(NestedProjects) = preSolution
		{36EA0377-9D3A-4542-A3FD-7B3EE92BB11E} = {AB1992F0-32BE-406A-9BC3-3FC032A3D817}
		{AFCF621E-D1AC-42EA-8206-84EDD1166FD1} = {AB1992F0-32BE-406A-9BC3-3FC032A3D817}
		{421FBC61-1F21-4BE3-956D-0EFD4C75D872} = {AB1992F0-32BE-406A-9BC3-3FC032A3D817}
		{FF1D70E7-FCE9-4FE3-A8B3-29D2C080AE41} = {AB1992F0-32BE-406A-9BC3-3FC032A3D817}
		{D9DD912B-5DFD-44A3-8D8D-9F8EAD60F8F6} = {AFCF621E-D1AC-42EA-8206-84EDD1166FD1}
		{5FA0257F-5821-440B-B202-2120561B7905} = {D9DD912B-5DFD-44A3-8D8D-9F8EAD60F8F6}
		{7D14CC01-0D7F-41AC-A59D-99E9FBCC2FEC} = {AFCF621E-D1AC-42EA-8206-84EDD1166FD1}
		{1DCA14C5-6A2D-451A-9516-EDE7393CF685} = {AFCF621E-D1AC-42EA-8206-84EDD1166FD1}
		{F11EC5C8-5F4D-4993-93D5-4FD29741FB5D} = {AFCF621E-D1AC-42EA-8206-84EDD1166FD1}
		{9D277A8F-C607-4458-8CAB-D3C68BEDC27F} = {F11EC5C8-5F4D-4993-93D5-4FD29741FB5D}
		{061ED9E7-1CEF-4644-978C-7F00424A58C8} = {1DCA14C5-6A2D-451A-9516-EDE7393CF685}
	EndGlobalSection
	GlobalSection(ProjectConfigurationPlatforms) = postSolution
		{5FA0257F-5821-440B-B202-2120561B7905}.Debug|Any CPU.ActiveCfg = Debug|Any CPU
		{5FA0257F-5821-440B-B202-2120561B7905}.Debug|Any CPU.Build.0 = Debug|Any CPU
		{5FA0257F-5821-440B-B202-2120561B7905}.Release|Any CPU.ActiveCfg = Release|Any CPU
		{5FA0257F-5821-440B-B202-2120561B7905}.Release|Any CPU.Build.0 = Release|Any CPU
		{9D277A8F-C607-4458-8CAB-D3C68BEDC27F}.Debug|Any CPU.ActiveCfg = Debug|Any CPU
		{9D277A8F-C607-4458-8CAB-D3C68BEDC27F}.Debug|Any CPU.Build.0 = Debug|Any CPU
		{9D277A8F-C607-4458-8CAB-D3C68BEDC27F}.Release|Any CPU.ActiveCfg = Release|Any CPU
		{9D277A8F-C607-4458-8CAB-D3C68BEDC27F}.Release|Any CPU.Build.0 = Release|Any CPU
		{061ED9E7-1CEF-4644-978C-7F00424A58C8}.Debug|Any CPU.ActiveCfg = Debug|Any CPU
		{061ED9E7-1CEF-4644-978C-7F00424A58C8}.Debug|Any CPU.Build.0 = Debug|Any CPU
		{061ED9E7-1CEF-4644-978C-7F00424A58C8}.Release|Any CPU.ActiveCfg = Release|Any CPU
		{061ED9E7-1CEF-4644-978C-7F00424A58C8}.Release|Any CPU.Build.0 = Release|Any CPU
	EndGlobalSection
EndGlobal
